// !$*UTF8*$!
{
	archiveVersion = 1;
	classes = {
	};
	objectVersion = 50;
	objects = {

/* Begin PBXBuildFile section */
		626C920D22D48527008E219E /* AppDelegate.swift in Sources */ = {isa = PBXBuildFile; fileRef = 626C920C22D48527008E219E /* AppDelegate.swift */; };
		626C920F22D48527008E219E /* SceneDelegate.swift in Sources */ = {isa = PBXBuildFile; fileRef = 626C920E22D48527008E219E /* SceneDelegate.swift */; };
		626C921122D48527008E219E /* ContentView.swift in Sources */ = {isa = PBXBuildFile; fileRef = 626C921022D48527008E219E /* ContentView.swift */; };
		626C921322D48529008E219E /* Assets.xcassets in Resources */ = {isa = PBXBuildFile; fileRef = 626C921222D48529008E219E /* Assets.xcassets */; };
		626C921622D48529008E219E /* Preview Assets.xcassets in Resources */ = {isa = PBXBuildFile; fileRef = 626C921522D48529008E219E /* Preview Assets.xcassets */; };
		626C921922D48529008E219E /* LaunchScreen.storyboard in Resources */ = {isa = PBXBuildFile; fileRef = 626C921722D48529008E219E /* LaunchScreen.storyboard */; };
		626C922122D48617008E219E /* Helper.swift in Sources */ = {isa = PBXBuildFile; fileRef = 626C922022D48617008E219E /* Helper.swift */; };
		626C922422D4863D008E219E /* Menu.swift in Sources */ = {isa = PBXBuildFile; fileRef = 626C922222D4863D008E219E /* Menu.swift */; };
		626C922522D4863D008E219E /* Order.swift in Sources */ = {isa = PBXBuildFile; fileRef = 626C922322D4863D008E219E /* Order.swift */; };
		626C922722D48656008E219E /* menu.json in Resources */ = {isa = PBXBuildFile; fileRef = 626C922622D48656008E219E /* menu.json */; };
		E6730E8A22D48DB000701669 /* ItemRow.swift in Sources */ = {isa = PBXBuildFile; fileRef = E6730E8922D48DB000701669 /* ItemRow.swift */; };
/* End PBXBuildFile section */

/* Begin PBXFileReference section */
		626C920922D48527008E219E /* iDine.app */ = {isa = PBXFileReference; explicitFileType = wrapper.application; includeInIndex = 0; path = iDine.app; sourceTree = BUILT_PRODUCTS_DIR; };
		626C920C22D48527008E219E /* AppDelegate.swift */ = {isa = PBXFileReference; lastKnownFileType = sourcecode.swift; path = AppDelegate.swift; sourceTree = "<group>"; };
		626C920E22D48527008E219E /* SceneDelegate.swift */ = {isa = PBXFileReference; lastKnownFileType = sourcecode.swift; path = SceneDelegate.swift; sourceTree = "<group>"; };
		626C921022D48527008E219E /* ContentView.swift */ = {isa = PBXFileReference; lastKnownFileType = sourcecode.swift; path = ContentView.swift; sourceTree = "<group>"; };
		626C921222D48529008E219E /* Assets.xcassets */ = {isa = PBXFileReference; lastKnownFileType = folder.assetcatalog; path = Assets.xcassets; sourceTree = "<group>"; };
		626C921522D48529008E219E /* Preview Assets.xcassets */ = {isa = PBXFileReference; lastKnownFileType = folder.assetcatalog; path = "Preview Assets.xcassets"; sourceTree = "<group>"; };
		626C921822D48529008E219E /* Base */ = {isa = PBXFileReference; lastKnownFileType = file.storyboard; name = Base; path = Base.lproj/LaunchScreen.storyboard; sourceTree = "<group>"; };
		626C921A22D48529008E219E /* Info.plist */ = {isa = PBXFileReference; lastKnownFileType = text.plist.xml; path = Info.plist; sourceTree = "<group>"; };
		626C922022D48617008E219E /* Helper.swift */ = {isa = PBXFileReference; fileEncoding = 4; lastKnownFileType = sourcecode.swift; path = Helper.swift; sourceTree = "<group>"; };
		626C922222D4863D008E219E /* Menu.swift */ = {isa = PBXFileReference; fileEncoding = 4; lastKnownFileType = sourcecode.swift; path = Menu.swift; sourceTree = "<group>"; };
		626C922322D4863D008E219E /* Order.swift */ = {isa = PBXFileReference; fileEncoding = 4; lastKnownFileType = sourcecode.swift; path = Order.swift; sourceTree = "<group>"; };
		626C922622D48656008E219E /* menu.json */ = {isa = PBXFileReference; fileEncoding = 4; lastKnownFileType = text.json; path = menu.json; sourceTree = "<group>"; };
		E6730E8922D48DB000701669 /* ItemRow.swift */ = {isa = PBXFileReference; lastKnownFileType = sourcecode.swift; path = ItemRow.swift; sourceTree = "<group>"; };
/* End PBXFileReference section */

/* Begin PBXFrameworksBuildPhase section */
		626C920622D48527008E219E /* Frameworks */ = {
			isa = PBXFrameworksBuildPhase;
			buildActionMask = 2147483647;
			files = (
			);
			runOnlyForDeploymentPostprocessing = 0;
		};
/* End PBXFrameworksBuildPhase section */

/* Begin PBXGroup section */
		626C920022D48527008E219E = {
			isa = PBXGroup;
			children = (
				626C920B22D48527008E219E /* iDine */,
				626C920A22D48527008E219E /* Products */,
			);
			sourceTree = "<group>";
		};
		626C920A22D48527008E219E /* Products */ = {
			isa = PBXGroup;
			children = (
				626C920922D48527008E219E /* iDine.app */,
			);
			name = Products;
			sourceTree = "<group>";
		};
		626C920B22D48527008E219E /* iDine */ = {
			isa = PBXGroup;
			children = (
				626C920C22D48527008E219E /* AppDelegate.swift */,
				626C920E22D48527008E219E /* SceneDelegate.swift */,
				626C921022D48527008E219E /* ContentView.swift */,
				E6730E8922D48DB000701669 /* ItemRow.swift */,
				626C922222D4863D008E219E /* Menu.swift */,
				626C922322D4863D008E219E /* Order.swift */,
				626C922022D48617008E219E /* Helper.swift */,
				626C922622D48656008E219E /* menu.json */,
				626C921222D48529008E219E /* Assets.xcassets */,
				626C921722D48529008E219E /* LaunchScreen.storyboard */,
				626C921A22D48529008E219E /* Info.plist */,
				626C921422D48529008E219E /* Preview Content */,
			);
			path = iDine;
			sourceTree = "<group>";
		};
		626C921422D48529008E219E /* Preview Content */ = {
			isa = PBXGroup;
			children = (
				626C921522D48529008E219E /* Preview Assets.xcassets */,
			);
			path = "Preview Content";
			sourceTree = "<group>";
		};
/* End PBXGroup section */

/* Begin PBXNativeTarget section */
		626C920822D48527008E219E /* iDine */ = {
			isa = PBXNativeTarget;
			buildConfigurationList = 626C921D22D48529008E219E /* Build configuration list for PBXNativeTarget "iDine" */;
			buildPhases = (
				626C920522D48527008E219E /* Sources */,
				626C920622D48527008E219E /* Frameworks */,
				626C920722D48527008E219E /* Resources */,
			);
			buildRules = (
			);
			dependencies = (
			);
			name = iDine;
			productName = iDine;
			productReference = 626C920922D48527008E219E /* iDine.app */;
			productType = "com.apple.product-type.application";
		};
/* End PBXNativeTarget section */

/* Begin PBXProject section */
		626C920122D48527008E219E /* Project object */ = {
			isa = PBXProject;
			attributes = {
				LastSwiftUpdateCheck = 1100;
				LastUpgradeCheck = 1100;
				ORGANIZATIONNAME = "Robert Magnusson";
				TargetAttributes = {
					626C920822D48527008E219E = {
						CreatedOnToolsVersion = 11.0;
					};
				};
			};
			buildConfigurationList = 626C920422D48527008E219E /* Build configuration list for PBXProject "iDine" */;
			compatibilityVersion = "Xcode 9.3";
			developmentRegion = en;
			hasScannedForEncodings = 0;
			knownRegions = (
				en,
				Base,
			);
			mainGroup = 626C920022D48527008E219E;
			productRefGroup = 626C920A22D48527008E219E /* Products */;
			projectDirPath = "";
			projectRoot = "";
			targets = (
				626C920822D48527008E219E /* iDine */,
			);
		};
/* End PBXProject section */

/* Begin PBXResourcesBuildPhase section */
		626C920722D48527008E219E /* Resources */ = {
			isa = PBXResourcesBuildPhase;
			buildActionMask = 2147483647;
			files = (
				626C921922D48529008E219E /* LaunchScreen.storyboard in Resources */,
				626C921622D48529008E219E /* Preview Assets.xcassets in Resources */,
				626C922722D48656008E219E /* menu.json in Resources */,
				626C921322D48529008E219E /* Assets.xcassets in Resources */,
			);
			runOnlyForDeploymentPostprocessing = 0;
		};
/* End PBXResourcesBuildPhase section */

/* Begin PBXSourcesBuildPhase section */
		626C920522D48527008E219E /* Sources */ = {
			isa = PBXSourcesBuildPhase;
			buildActionMask = 2147483647;
			files = (
				626C922522D4863D008E219E /* Order.swift in Sources */,
				626C920D22D48527008E219E /* AppDelegate.swift in Sources */,
				626C920F22D48527008E219E /* SceneDelegate.swift in Sources */,
				E6730E8A22D48DB000701669 /* ItemRow.swift in Sources */,
				626C921122D48527008E219E /* ContentView.swift in Sources */,
				626C922122D48617008E219E /* Helper.swift in Sources */,
				626C922422D4863D008E219E /* Menu.swift in Sources */,
			);
			runOnlyForDeploymentPostprocessing = 0;
		};
/* End PBXSourcesBuildPhase section */

/* Begin PBXVariantGroup section */
		626C921722D48529008E219E /* LaunchScreen.storyboard */ = {
			isa = PBXVariantGroup;
			children = (
				626C921822D48529008E219E /* Base */,
			);
			name = LaunchScreen.storyboard;
			sourceTree = "<group>";
		};
/* End PBXVariantGroup section */

/* Begin XCBuildConfiguration section */
		626C921B22D48529008E219E /* Debug */ = {
			isa = XCBuildConfiguration;
			buildSettings = {
				ALWAYS_SEARCH_USER_PATHS = NO;
				CLANG_ANALYZER_NONNULL = YES;
				CLANG_ANALYZER_NUMBER_OBJECT_CONVERSION = YES_AGGRESSIVE;
				CLANG_CXX_LANGUAGE_STANDARD = "gnu++14";
				CLANG_CXX_LIBRARY = "libc++";
				CLANG_ENABLE_MODULES = YES;
				CLANG_ENABLE_OBJC_ARC = YES;
				CLANG_ENABLE_OBJC_WEAK = YES;
				CLANG_WARN_BLOCK_CAPTURE_AUTORELEASING = YES;
				CLANG_WARN_BOOL_CONVERSION = YES;
				CLANG_WARN_COMMA = YES;
				CLANG_WARN_CONSTANT_CONVERSION = YES;
				CLANG_WARN_DEPRECATED_OBJC_IMPLEMENTATIONS = YES;
				CLANG_WARN_DIRECT_OBJC_ISA_USAGE = YES_ERROR;
				CLANG_WARN_DOCUMENTATION_COMMENTS = YES;
				CLANG_WARN_EMPTY_BODY = YES;
				CLANG_WARN_ENUM_CONVERSION = YES;
				CLANG_WARN_INFINITE_RECURSION = YES;
				CLANG_WARN_INT_CONVERSION = YES;
				CLANG_WARN_NON_LITERAL_NULL_CONVERSION = YES;
				CLANG_WARN_OBJC_IMPLICIT_RETAIN_SELF = YES;
				CLANG_WARN_OBJC_LITERAL_CONVERSION = YES;
				CLANG_WARN_OBJC_ROOT_CLASS = YES_ERROR;
				CLANG_WARN_RANGE_LOOP_ANALYSIS = YES;
				CLANG_WARN_STRICT_PROTOTYPES = YES;
				CLANG_WARN_SUSPICIOUS_MOVE = YES;
				CLANG_WARN_UNGUARDED_AVAILABILITY = YES_AGGRESSIVE;
				CLANG_WARN_UNREACHABLE_CODE = YES;
				CLANG_WARN__DUPLICATE_METHOD_MATCH = YES;
				COPY_PHASE_STRIP = NO;
				DEBUG_INFORMATION_FORMAT = dwarf;
				ENABLE_STRICT_OBJC_MSGSEND = YES;
				ENABLE_TESTABILITY = YES;
				GCC_C_LANGUAGE_STANDARD = gnu11;
				GCC_DYNAMIC_NO_PIC = NO;
				GCC_NO_COMMON_BLOCKS = YES;
				GCC_OPTIMIZATION_LEVEL = 0;
				GCC_PREPROCESSOR_DEFINITIONS = (
					"DEBUG=1",
					"$(inherited)",
				);
				GCC_WARN_64_TO_32_BIT_CONVERSION = YES;
				GCC_WARN_ABOUT_RETURN_TYPE = YES_ERROR;
				GCC_WARN_UNDECLARED_SELECTOR = YES;
				GCC_WARN_UNINITIALIZED_AUTOS = YES_AGGRESSIVE;
				GCC_WARN_UNUSED_FUNCTION = YES;
				GCC_WARN_UNUSED_VARIABLE = YES;
				IPHONEOS_DEPLOYMENT_TARGET = 13.0;
				MTL_ENABLE_DEBUG_INFO = INCLUDE_SOURCE;
				MTL_FAST_MATH = YES;
				ONLY_ACTIVE_ARCH = YES;
				SDKROOT = iphoneos;
				SWIFT_ACTIVE_COMPILATION_CONDITIONS = DEBUG;
				SWIFT_OPTIMIZATION_LEVEL = "-Onone";
			};
			name = Debug;
		};
		626C921C22D48529008E219E /* Release */ = {
			isa = XCBuildConfiguration;
			buildSettings = {
				ALWAYS_SEARCH_USER_PATHS = NO;
				CLANG_ANALYZER_NONNULL = YES;
				CLANG_ANALYZER_NUMBER_OBJECT_CONVERSION = YES_AGGRESSIVE;
				CLANG_CXX_LANGUAGE_STANDARD = "gnu++14";
				CLANG_CXX_LIBRARY = "libc++";
				CLANG_ENABLE_MODULES = YES;
				CLANG_ENABLE_OBJC_ARC = YES;
				CLANG_ENABLE_OBJC_WEAK = YES;
				CLANG_WARN_BLOCK_CAPTURE_AUTORELEASING = YES;
				CLANG_WARN_BOOL_CONVERSION = YES;
				CLANG_WARN_COMMA = YES;
				CLANG_WARN_CONSTANT_CONVERSION = YES;
				CLANG_WARN_DEPRECATED_OBJC_IMPLEMENTATIONS = YES;
				CLANG_WARN_DIRECT_OBJC_ISA_USAGE = YES_ERROR;
				CLANG_WARN_DOCUMENTATION_COMMENTS = YES;
				CLANG_WARN_EMPTY_BODY = YES;
				CLANG_WARN_ENUM_CONVERSION = YES;
				CLANG_WARN_INFINITE_RECURSION = YES;
				CLANG_WARN_INT_CONVERSION = YES;
				CLANG_WARN_NON_LITERAL_NULL_CONVERSION = YES;
				CLANG_WARN_OBJC_IMPLICIT_RETAIN_SELF = YES;
				CLANG_WARN_OBJC_LITERAL_CONVERSION = YES;
				CLANG_WARN_OBJC_ROOT_CLASS = YES_ERROR;
				CLANG_WARN_RANGE_LOOP_ANALYSIS = YES;
				CLANG_WARN_STRICT_PROTOTYPES = YES;
				CLANG_WARN_SUSPICIOUS_MOVE = YES;
				CLANG_WARN_UNGUARDED_AVAILABILITY = YES_AGGRESSIVE;
				CLANG_WARN_UNREACHABLE_CODE = YES;
				CLANG_WARN__DUPLICATE_METHOD_MATCH = YES;
				COPY_PHASE_STRIP = NO;
				DEBUG_INFORMATION_FORMAT = "dwarf-with-dsym";
				ENABLE_NS_ASSERTIONS = NO;
				ENABLE_STRICT_OBJC_MSGSEND = YES;
				GCC_C_LANGUAGE_STANDARD = gnu11;
				GCC_NO_COMMON_BLOCKS = YES;
				GCC_WARN_64_TO_32_BIT_CONVERSION = YES;
				GCC_WARN_ABOUT_RETURN_TYPE = YES_ERROR;
				GCC_WARN_UNDECLARED_SELECTOR = YES;
				GCC_WARN_UNINITIALIZED_AUTOS = YES_AGGRESSIVE;
				GCC_WARN_UNUSED_FUNCTION = YES;
				GCC_WARN_UNUSED_VARIABLE = YES;
				IPHONEOS_DEPLOYMENT_TARGET = 13.0;
				MTL_ENABLE_DEBUG_INFO = NO;
				MTL_FAST_MATH = YES;
				SDKROOT = iphoneos;
				SWIFT_COMPILATION_MODE = wholemodule;
				SWIFT_OPTIMIZATION_LEVEL = "-O";
				VALIDATE_PRODUCT = YES;
			};
			name = Release;
		};
		626C921E22D48529008E219E /* Debug */ = {
			isa = XCBuildConfiguration;
			buildSettings = {
				ASSETCATALOG_COMPILER_APPICON_NAME = AppIcon;
				CODE_SIGN_STYLE = Automatic;
				DEVELOPMENT_ASSET_PATHS = "iDine/Preview\\ Content";
				ENABLE_PREVIEWS = YES;
				INFOPLIST_FILE = iDine/Info.plist;
				LD_RUNPATH_SEARCH_PATHS = (
					"$(inherited)",
					"@executable_path/Frameworks",
				);
				PRODUCT_BUNDLE_IDENTIFIER = com.magnusson.robert.Test.iDine;
				PRODUCT_NAME = "$(TARGET_NAME)";
				SWIFT_VERSION = 5.0;
				TARGETED_DEVICE_FAMILY = "1,2";
			};
			name = Debug;
		};
		626C921F22D48529008E219E /* Release */ = {
			isa = XCBuildConfiguration;
			buildSettings = {
				ASSETCATALOG_COMPILER_APPICON_NAME = AppIcon;
				CODE_SIGN_STYLE = Automatic;
				DEVELOPMENT_ASSET_PATHS = "iDine/Preview\\ Content";
				ENABLE_PREVIEWS = YES;
				INFOPLIST_FILE = iDine/Info.plist;
				LD_RUNPATH_SEARCH_PATHS = (
					"$(inherited)",
					"@executable_path/Frameworks",
				);
				PRODUCT_BUNDLE_IDENTIFIER = com.magnusson.robert.Test.iDine;
				PRODUCT_NAME = "$(TARGET_NAME)";
				SWIFT_VERSION = 5.0;
				TARGETED_DEVICE_FAMILY = "1,2";
			};
			name = Release;
		};
/* End XCBuildConfiguration section */

/* Begin XCConfigurationList section */
		626C920422D48527008E219E /* Build configuration list for PBXProject "iDine" */ = {
			isa = XCConfigurationList;
			buildConfigurations = (
				626C921B22D48529008E219E /* Debug */,
				626C921C22D48529008E219E /* Release */,
			);
			defaultConfigurationIsVisible = 0;
			defaultConfigurationName = Release;
		};
		626C921D22D48529008E219E /* Build configuration list for PBXNativeTarget "iDine" */ = {
			isa = XCConfigurationList;
			buildConfigurations = (
				626C921E22D48529008E219E /* Debug */,
				626C921F22D48529008E219E /* Release */,
			);
			defaultConfigurationIsVisible = 0;
			defaultConfigurationName = Release;
		};
/* End XCConfigurationList section */
	};
	rootObject = 626C920122D48527008E219E /* Project object */;
}
